
Microsoft Visual Studio Solution File, Format Version 12.00
# Visual Studio 15
VisualStudioVersion = 15.0.27130.2010
MinimumVisualStudioVersion = 10.0.40219.1
Project("{8BC9CEB8-8B4A-11D0-8D11-00A0C91BC942}") = "IPStreamingCPP", "IPStreamingCPP\IPStreamingCPP.vcxproj", "{F0F7FC6A-DAAD-46C8-B372-3335F73E31AD}"
EndProject
Project("{FAE04EC0-301F-11D3-BF4B-00C04F79EFBC}") = "OnVifUniversal", "..\OnVifUniversal\OnVifUniversal\OnVifUniversal.csproj", "{E55A7234-B128-444D-B108-FBF5BB7AC41C}"
EndProject
Project("{FAE04EC0-301F-11D3-BF4B-00C04F79EFBC}") = "OnVifServices", "..\OnVifUniversal\OnVifServices\OnVifServices.csproj", "{C2BB29DE-32FA-4064-98DF-47453472167D}"
EndProject
Project("{8BC9CEB8-8B4A-11D0-8D11-00A0C91BC942}") = "OnVifUniversalCpp", "..\OnVifUniversal\OnVifUniversalCpp\OnVifUniversalCpp.vcxproj", "{4E926512-1CB6-4D26-AA5C-EDF6C6A7D2A4}"
EndProject
Project("{FAE04EC0-301F-11D3-BF4B-00C04F79EFBC}") = "OnVifServicesRunTime", "..\OnVifUniversal\OnVifServicesRunTime\OnVifServicesRunTime.csproj", "{93B8D9EE-5D1E-4BC4-A285-BC479E4516E1}"
EndProject
Project("{FAE04EC0-301F-11D3-BF4B-00C04F79EFBC}") = "OnvifDiscovery", "..\OnVifUniversal\DiscoveryClients\OnvifDiscovery.csproj", "{A0A20F28-0746-4804-811E-435A08F90960}"
EndProject
Project("{8BC9CEB8-8B4A-11D0-8D11-00A0C91BC942}") = "DiscoveryIPAdresses", "..\OnVifUniversal\DiscoveryIPAdresses\DiscoveryIPAdresses.vcxproj", "{5A958327-A8B3-4D3C-8D6E-6133265FF6BD}"
EndProject
Project("{8BC9CEB8-8B4A-11D0-8D11-00A0C91BC942}") = "FFmpegInteropExtRT", "FFmpegInteropExtRT\FFmpegInteropExtRT.vcxproj", "{02499880-5C26-4603-BF00-1D063D5E1E76}"
EndProject
Global
	GlobalSection(SolutionConfigurationPlatforms) = preSolution
		Debug.Net Native|ARM = Debug.Net Native|ARM
		Debug.Net Native|x64 = Debug.Net Native|x64
		Debug.Net Native|x86 = Debug.Net Native|x86
		Debug|ARM = Debug|ARM
		Debug|x64 = Debug|x64
		Debug|x86 = Debug|x86
		Release|ARM = Release|ARM
		Release|x64 = Release|x64
		Release|x86 = Release|x86
	EndGlobalSection
	GlobalSection(ProjectConfigurationPlatforms) = postSolution
		{F0F7FC6A-DAAD-46C8-B372-3335F73E31AD}.Debug.Net Native|ARM.ActiveCfg = Debug.Net Native|ARM
		{F0F7FC6A-DAAD-46C8-B372-3335F73E31AD}.Debug.Net Native|ARM.Build.0 = Debug.Net Native|ARM
		{F0F7FC6A-DAAD-46C8-B372-3335F73E31AD}.Debug.Net Native|ARM.Deploy.0 = Debug.Net Native|ARM
		{F0F7FC6A-DAAD-46C8-B372-3335F73E31AD}.Debug.Net Native|x64.ActiveCfg = Debug.Net Native|x64
		{F0F7FC6A-DAAD-46C8-B372-3335F73E31AD}.Debug.Net Native|x64.Build.0 = Debug.Net Native|x64
		{F0F7FC6A-DAAD-46C8-B372-3335F73E31AD}.Debug.Net Native|x64.Deploy.0 = Debug.Net Native|x64
		{F0F7FC6A-DAAD-46C8-B372-3335F73E31AD}.Debug.Net Native|x86.ActiveCfg = Debug.Net Native|Win32
		{F0F7FC6A-DAAD-46C8-B372-3335F73E31AD}.Debug.Net Native|x86.Build.0 = Debug.Net Native|Win32
		{F0F7FC6A-DAAD-46C8-B372-3335F73E31AD}.Debug.Net Native|x86.Deploy.0 = Debug.Net Native|Win32
		{F0F7FC6A-DAAD-46C8-B372-3335F73E31AD}.Debug|ARM.ActiveCfg = Debug|ARM
		{F0F7FC6A-DAAD-46C8-B372-3335F73E31AD}.Debug|ARM.Build.0 = Debug|ARM
		{F0F7FC6A-DAAD-46C8-B372-3335F73E31AD}.Debug|ARM.Deploy.0 = Debug|ARM
		{F0F7FC6A-DAAD-46C8-B372-3335F73E31AD}.Debug|x64.ActiveCfg = Debug|x64
		{F0F7FC6A-DAAD-46C8-B372-3335F73E31AD}.Debug|x64.Build.0 = Debug|x64
		{F0F7FC6A-DAAD-46C8-B372-3335F73E31AD}.Debug|x64.Deploy.0 = Debug|x64
		{F0F7FC6A-DAAD-46C8-B372-3335F73E31AD}.Debug|x86.ActiveCfg = Debug|Win32
		{F0F7FC6A-DAAD-46C8-B372-3335F73E31AD}.Debug|x86.Build.0 = Debug|Win32
		{F0F7FC6A-DAAD-46C8-B372-3335F73E31AD}.Debug|x86.Deploy.0 = Debug|Win32
		{F0F7FC6A-DAAD-46C8-B372-3335F73E31AD}.Release|ARM.ActiveCfg = Release|ARM
		{F0F7FC6A-DAAD-46C8-B372-3335F73E31AD}.Release|ARM.Build.0 = Release|ARM
		{F0F7FC6A-DAAD-46C8-B372-3335F73E31AD}.Release|ARM.Deploy.0 = Release|ARM
		{F0F7FC6A-DAAD-46C8-B372-3335F73E31AD}.Release|x64.ActiveCfg = Release|x64
		{F0F7FC6A-DAAD-46C8-B372-3335F73E31AD}.Release|x64.Build.0 = Release|x64
		{F0F7FC6A-DAAD-46C8-B372-3335F73E31AD}.Release|x64.Deploy.0 = Release|x64
		{F0F7FC6A-DAAD-46C8-B372-3335F73E31AD}.Release|x86.ActiveCfg = Release|Win32
		{F0F7FC6A-DAAD-46C8-B372-3335F73E31AD}.Release|x86.Build.0 = Release|Win32
		{F0F7FC6A-DAAD-46C8-B372-3335F73E31AD}.Release|x86.Deploy.0 = Release|Win32
		{E55A7234-B128-444D-B108-FBF5BB7AC41C}.Debug.Net Native|ARM.ActiveCfg = Debug.Net Native|ARM
		{E55A7234-B128-444D-B108-FBF5BB7AC41C}.Debug.Net Native|ARM.Build.0 = Debug.Net Native|ARM
		{E55A7234-B128-444D-B108-FBF5BB7AC41C}.Debug.Net Native|ARM.Deploy.0 = Debug.Net Native|ARM
		{E55A7234-B128-444D-B108-FBF5BB7AC41C}.Debug.Net Native|x64.ActiveCfg = Debug.Net Native|x64
		{E55A7234-B128-444D-B108-FBF5BB7AC41C}.Debug.Net Native|x64.Build.0 = Debug.Net Native|x64
		{E55A7234-B128-444D-B108-FBF5BB7AC41C}.Debug.Net Native|x64.Deploy.0 = Debug.Net Native|x64
		{E55A7234-B128-444D-B108-FBF5BB7AC41C}.Debug.Net Native|x86.ActiveCfg = Debug.Net Native|x86
		{E55A7234-B128-444D-B108-FBF5BB7AC41C}.Debug.Net Native|x86.Build.0 = Debug.Net Native|x86
		{E55A7234-B128-444D-B108-FBF5BB7AC41C}.Debug.Net Native|x86.Deploy.0 = Debug.Net Native|x86
		{E55A7234-B128-444D-B108-FBF5BB7AC41C}.Debug|ARM.ActiveCfg = Debug|ARM
		{E55A7234-B128-444D-B108-FBF5BB7AC41C}.Debug|ARM.Build.0 = Debug|ARM
		{E55A7234-B128-444D-B108-FBF5BB7AC41C}.Debug|ARM.Deploy.0 = Debug|ARM
		{E55A7234-B128-444D-B108-FBF5BB7AC41C}.Debug|x64.ActiveCfg = Debug|x64
		{E55A7234-B128-444D-B108-FBF5BB7AC41C}.Debug|x64.Build.0 = Debug|x64
		{E55A7234-B128-444D-B108-FBF5BB7AC41C}.Debug|x64.Deploy.0 = Debug|x64
		{E55A7234-B128-444D-B108-FBF5BB7AC41C}.Debug|x86.ActiveCfg = Debug|x86
		{E55A7234-B128-444D-B108-FBF5BB7AC41C}.Debug|x86.Build.0 = Debug|x86
		{E55A7234-B128-444D-B108-FBF5BB7AC41C}.Debug|x86.Deploy.0 = Debug|x86
		{E55A7234-B128-444D-B108-FBF5BB7AC41C}.Release|ARM.ActiveCfg = Release|ARM
		{E55A7234-B128-444D-B108-FBF5BB7AC41C}.Release|ARM.Build.0 = Release|ARM
		{E55A7234-B128-444D-B108-FBF5BB7AC41C}.Release|ARM.Deploy.0 = Release|ARM
		{E55A7234-B128-444D-B108-FBF5BB7AC41C}.Release|x64.ActiveCfg = Release|x64
		{E55A7234-B128-444D-B108-FBF5BB7AC41C}.Release|x64.Build.0 = Release|x64
		{E55A7234-B128-444D-B108-FBF5BB7AC41C}.Release|x64.Deploy.0 = Release|x64
		{E55A7234-B128-444D-B108-FBF5BB7AC41C}.Release|x86.ActiveCfg = Release|x86
		{E55A7234-B128-444D-B108-FBF5BB7AC41C}.Release|x86.Build.0 = Release|x86
		{E55A7234-B128-444D-B108-FBF5BB7AC41C}.Release|x86.Deploy.0 = Release|x86
		{C2BB29DE-32FA-4064-98DF-47453472167D}.Debug.Net Native|ARM.ActiveCfg = Debug.Net Native|ARM
		{C2BB29DE-32FA-4064-98DF-47453472167D}.Debug.Net Native|ARM.Build.0 = Debug.Net Native|ARM
		{C2BB29DE-32FA-4064-98DF-47453472167D}.Debug.Net Native|x64.ActiveCfg = Debug.Net Native|x64
		{C2BB29DE-32FA-4064-98DF-47453472167D}.Debug.Net Native|x64.Build.0 = Debug.Net Native|x64
		{C2BB29DE-32FA-4064-98DF-47453472167D}.Debug.Net Native|x86.ActiveCfg = Debug.Net Native|x86
		{C2BB29DE-32FA-4064-98DF-47453472167D}.Debug.Net Native|x86.Build.0 = Debug.Net Native|x86
		{C2BB29DE-32FA-4064-98DF-47453472167D}.Debug|ARM.ActiveCfg = Debug|ARM
		{C2BB29DE-32FA-4064-98DF-47453472167D}.Debug|ARM.Build.0 = Debug|ARM
		{C2BB29DE-32FA-4064-98DF-47453472167D}.Debug|x64.ActiveCfg = Debug|x64
		{C2BB29DE-32FA-4064-98DF-47453472167D}.Debug|x64.Build.0 = Debug|x64
		{C2BB29DE-32FA-4064-98DF-47453472167D}.Debug|x86.ActiveCfg = Debug|x86
		{C2BB29DE-32FA-4064-98DF-47453472167D}.Debug|x86.Build.0 = Debug|x86
		{C2BB29DE-32FA-4064-98DF-47453472167D}.Release|ARM.ActiveCfg = Release|ARM
		{C2BB29DE-32FA-4064-98DF-47453472167D}.Release|ARM.Build.0 = Release|ARM
		{C2BB29DE-32FA-4064-98DF-47453472167D}.Release|x64.ActiveCfg = Release|x64
		{C2BB29DE-32FA-4064-98DF-47453472167D}.Release|x64.Build.0 = Release|x64
		{C2BB29DE-32FA-4064-98DF-47453472167D}.Release|x86.ActiveCfg = Release|x86
		{C2BB29DE-32FA-4064-98DF-47453472167D}.Release|x86.Build.0 = Release|x86
		{4E926512-1CB6-4D26-AA5C-EDF6C6A7D2A4}.Debug.Net Native|ARM.ActiveCfg = Debug.Net Native|ARM
		{4E926512-1CB6-4D26-AA5C-EDF6C6A7D2A4}.Debug.Net Native|ARM.Build.0 = Debug.Net Native|ARM
		{4E926512-1CB6-4D26-AA5C-EDF6C6A7D2A4}.Debug.Net Native|ARM.Deploy.0 = Debug.Net Native|ARM
		{4E926512-1CB6-4D26-AA5C-EDF6C6A7D2A4}.Debug.Net Native|x64.ActiveCfg = Debug.Net Native|x64
		{4E926512-1CB6-4D26-AA5C-EDF6C6A7D2A4}.Debug.Net Native|x64.Build.0 = Debug.Net Native|x64
		{4E926512-1CB6-4D26-AA5C-EDF6C6A7D2A4}.Debug.Net Native|x64.Deploy.0 = Debug.Net Native|x64
		{4E926512-1CB6-4D26-AA5C-EDF6C6A7D2A4}.Debug.Net Native|x86.ActiveCfg = Debug.Net Native|Win32
		{4E926512-1CB6-4D26-AA5C-EDF6C6A7D2A4}.Debug.Net Native|x86.Build.0 = Debug.Net Native|Win32
		{4E926512-1CB6-4D26-AA5C-EDF6C6A7D2A4}.Debug.Net Native|x86.Deploy.0 = Debug.Net Native|Win32
		{4E926512-1CB6-4D26-AA5C-EDF6C6A7D2A4}.Debug|ARM.ActiveCfg = Debug|ARM
		{4E926512-1CB6-4D26-AA5C-EDF6C6A7D2A4}.Debug|ARM.Build.0 = Debug|ARM
		{4E926512-1CB6-4D26-AA5C-EDF6C6A7D2A4}.Debug|ARM.Deploy.0 = Debug|ARM
		{4E926512-1CB6-4D26-AA5C-EDF6C6A7D2A4}.Debug|x64.ActiveCfg = Debug|x64
		{4E926512-1CB6-4D26-AA5C-EDF6C6A7D2A4}.Debug|x64.Build.0 = Debug|x64
		{4E926512-1CB6-4D26-AA5C-EDF6C6A7D2A4}.Debug|x64.Deploy.0 = Debug|x64
		{4E926512-1CB6-4D26-AA5C-EDF6C6A7D2A4}.Debug|x86.ActiveCfg = Debug|Win32
		{4E926512-1CB6-4D26-AA5C-EDF6C6A7D2A4}.Debug|x86.Build.0 = Debug|Win32
		{4E926512-1CB6-4D26-AA5C-EDF6C6A7D2A4}.Debug|x86.Deploy.0 = Debug|Win32
		{4E926512-1CB6-4D26-AA5C-EDF6C6A7D2A4}.Release|ARM.ActiveCfg = Release|ARM
		{4E926512-1CB6-4D26-AA5C-EDF6C6A7D2A4}.Release|ARM.Build.0 = Release|ARM
		{4E926512-1CB6-4D26-AA5C-EDF6C6A7D2A4}.Release|ARM.Deploy.0 = Release|ARM
		{4E926512-1CB6-4D26-AA5C-EDF6C6A7D2A4}.Release|x64.ActiveCfg = Release|x64
		{4E926512-1CB6-4D26-AA5C-EDF6C6A7D2A4}.Release|x64.Build.0 = Release|x64
		{4E926512-1CB6-4D26-AA5C-EDF6C6A7D2A4}.Release|x64.Deploy.0 = Release|x64
		{4E926512-1CB6-4D26-AA5C-EDF6C6A7D2A4}.Release|x86.ActiveCfg = Release|Win32
		{4E926512-1CB6-4D26-AA5C-EDF6C6A7D2A4}.Release|x86.Build.0 = Release|Win32
		{4E926512-1CB6-4D26-AA5C-EDF6C6A7D2A4}.Release|x86.Deploy.0 = Release|Win32
		{93B8D9EE-5D1E-4BC4-A285-BC479E4516E1}.Debug.Net Native|ARM.ActiveCfg = Debug.Net Native|ARM
		{93B8D9EE-5D1E-4BC4-A285-BC479E4516E1}.Debug.Net Native|ARM.Build.0 = Debug.Net Native|ARM
		{93B8D9EE-5D1E-4BC4-A285-BC479E4516E1}.Debug.Net Native|x64.ActiveCfg = Debug.Net Native|x64
		{93B8D9EE-5D1E-4BC4-A285-BC479E4516E1}.Debug.Net Native|x64.Build.0 = Debug.Net Native|x64
		{93B8D9EE-5D1E-4BC4-A285-BC479E4516E1}.Debug.Net Native|x86.ActiveCfg = Debug.Net Native|x86
		{93B8D9EE-5D1E-4BC4-A285-BC479E4516E1}.Debug.Net Native|x86.Build.0 = Debug.Net Native|x86
		{93B8D9EE-5D1E-4BC4-A285-BC479E4516E1}.Debug|ARM.ActiveCfg = Debug|ARM
		{93B8D9EE-5D1E-4BC4-A285-BC479E4516E1}.Debug|ARM.Build.0 = Debug|ARM
		{93B8D9EE-5D1E-4BC4-A285-BC479E4516E1}.Debug|x64.ActiveCfg = Debug|x64
		{93B8D9EE-5D1E-4BC4-A285-BC479E4516E1}.Debug|x64.Build.0 = Debug|x64
		{93B8D9EE-5D1E-4BC4-A285-BC479E4516E1}.Debug|x86.ActiveCfg = Debug|x86
		{93B8D9EE-5D1E-4BC4-A285-BC479E4516E1}.Debug|x86.Build.0 = Debug|x86
		{93B8D9EE-5D1E-4BC4-A285-BC479E4516E1}.Release|ARM.ActiveCfg = Release|ARM
		{93B8D9EE-5D1E-4BC4-A285-BC479E4516E1}.Release|ARM.Build.0 = Release|ARM
		{93B8D9EE-5D1E-4BC4-A285-BC479E4516E1}.Release|x64.ActiveCfg = Release|x64
		{93B8D9EE-5D1E-4BC4-A285-BC479E4516E1}.Release|x64.Build.0 = Release|x64
		{93B8D9EE-5D1E-4BC4-A285-BC479E4516E1}.Release|x86.ActiveCfg = Release|x86
		{93B8D9EE-5D1E-4BC4-A285-BC479E4516E1}.Release|x86.Build.0 = Release|x86
		{A0A20F28-0746-4804-811E-435A08F90960}.Debug.Net Native|ARM.ActiveCfg = Debug.Net Native|Any CPU
		{A0A20F28-0746-4804-811E-435A08F90960}.Debug.Net Native|ARM.Build.0 = Debug.Net Native|Any CPU
		{A0A20F28-0746-4804-811E-435A08F90960}.Debug.Net Native|x64.ActiveCfg = Debug.Net Native|Any CPU
		{A0A20F28-0746-4804-811E-435A08F90960}.Debug.Net Native|x64.Build.0 = Debug.Net Native|Any CPU
		{A0A20F28-0746-4804-811E-435A08F90960}.Debug.Net Native|x86.ActiveCfg = Debug.Net Native|Any CPU
		{A0A20F28-0746-4804-811E-435A08F90960}.Debug.Net Native|x86.Build.0 = Debug.Net Native|Any CPU
		{A0A20F28-0746-4804-811E-435A08F90960}.Debug|ARM.ActiveCfg = Debug|Any CPU
		{A0A20F28-0746-4804-811E-435A08F90960}.Debug|ARM.Build.0 = Debug|Any CPU
		{A0A20F28-0746-4804-811E-435A08F90960}.Debug|x64.ActiveCfg = Debug|Any CPU
		{A0A20F28-0746-4804-811E-435A08F90960}.Debug|x64.Build.0 = Debug|Any CPU
		{A0A20F28-0746-4804-811E-435A08F90960}.Debug|x86.ActiveCfg = Debug|Any CPU
		{A0A20F28-0746-4804-811E-435A08F90960}.Debug|x86.Build.0 = Debug|Any CPU
		{A0A20F28-0746-4804-811E-435A08F90960}.Release|ARM.ActiveCfg = Release|Any CPU
		{A0A20F28-0746-4804-811E-435A08F90960}.Release|ARM.Build.0 = Release|Any CPU
		{A0A20F28-0746-4804-811E-435A08F90960}.Release|x64.ActiveCfg = Release|Any CPU
		{A0A20F28-0746-4804-811E-435A08F90960}.Release|x64.Build.0 = Release|Any CPU
		{A0A20F28-0746-4804-811E-435A08F90960}.Release|x86.ActiveCfg = Release|Any CPU
		{A0A20F28-0746-4804-811E-435A08F90960}.Release|x86.Build.0 = Release|Any CPU
		{5A958327-A8B3-4D3C-8D6E-6133265FF6BD}.Debug.Net Native|ARM.ActiveCfg = Debug.Net Native|ARM
		{5A958327-A8B3-4D3C-8D6E-6133265FF6BD}.Debug.Net Native|ARM.Build.0 = Debug.Net Native|ARM
		{5A958327-A8B3-4D3C-8D6E-6133265FF6BD}.Debug.Net Native|x64.ActiveCfg = Debug.Net Native|x64
		{5A958327-A8B3-4D3C-8D6E-6133265FF6BD}.Debug.Net Native|x64.Build.0 = Debug.Net Native|x64
		{5A958327-A8B3-4D3C-8D6E-6133265FF6BD}.Debug.Net Native|x86.ActiveCfg = Debug.Net Native|Win32
		{5A958327-A8B3-4D3C-8D6E-6133265FF6BD}.Debug.Net Native|x86.Build.0 = Debug.Net Native|Win32
		{5A958327-A8B3-4D3C-8D6E-6133265FF6BD}.Debug|ARM.ActiveCfg = Debug|ARM
		{5A958327-A8B3-4D3C-8D6E-6133265FF6BD}.Debug|ARM.Build.0 = Debug|ARM
		{5A958327-A8B3-4D3C-8D6E-6133265FF6BD}.Debug|x64.ActiveCfg = Debug|x64
		{5A958327-A8B3-4D3C-8D6E-6133265FF6BD}.Debug|x64.Build.0 = Debug|x64
		{5A958327-A8B3-4D3C-8D6E-6133265FF6BD}.Debug|x86.ActiveCfg = Debug|Win32
		{5A958327-A8B3-4D3C-8D6E-6133265FF6BD}.Debug|x86.Build.0 = Debug|Win32
		{5A958327-A8B3-4D3C-8D6E-6133265FF6BD}.Release|ARM.ActiveCfg = Release|ARM
		{5A958327-A8B3-4D3C-8D6E-6133265FF6BD}.Release|ARM.Build.0 = Release|ARM
		{5A958327-A8B3-4D3C-8D6E-6133265FF6BD}.Release|x64.ActiveCfg = Release|x64
		{5A958327-A8B3-4D3C-8D6E-6133265FF6BD}.Release|x64.Build.0 = Release|x64
		{5A958327-A8B3-4D3C-8D6E-6133265FF6BD}.Release|x86.ActiveCfg = Release|Win32
		{5A958327-A8B3-4D3C-8D6E-6133265FF6BD}.Release|x86.Build.0 = Release|Win32
		{02499880-5C26-4603-BF00-1D063D5E1E76}.Debug.Net Native|ARM.ActiveCfg = Debug.Net Native|ARM
		{02499880-5C26-4603-BF00-1D063D5E1E76}.Debug.Net Native|ARM.Build.0 = Debug.Net Native|ARM
		{02499880-5C26-4603-BF00-1D063D5E1E76}.Debug.Net Native|x64.ActiveCfg = Debug.Net Native|x64
		{02499880-5C26-4603-BF00-1D063D5E1E76}.Debug.Net Native|x64.Build.0 = Debug.Net Native|x64
		{02499880-5C26-4603-BF00-1D063D5E1E76}.Debug.Net Native|x86.ActiveCfg = Debug.Net Native|Win32
		{02499880-5C26-4603-BF00-1D063D5E1E76}.Debug.Net Native|x86.Build.0 = Debug.Net Native|Win32
		{02499880-5C26-4603-BF00-1D063D5E1E76}.Debug|ARM.ActiveCfg = Debug|ARM
		{02499880-5C26-4603-BF00-1D063D5E1E76}.Debug|ARM.Build.0 = Debug|ARM
		{02499880-5C26-4603-BF00-1D063D5E1E76}.Debug|x64.ActiveCfg = Debug|x64
		{02499880-5C26-4603-BF00-1D063D5E1E76}.Debug|x64.Build.0 = Debug|x64
		{02499880-5C26-4603-BF00-1D063D5E1E76}.Debug|x86.ActiveCfg = Debug|Win32
		{02499880-5C26-4603-BF00-1D063D5E1E76}.Debug|x86.Build.0 = Debug|Win32
		{02499880-5C26-4603-BF00-1D063D5E1E76}.Release|ARM.ActiveCfg = Release|ARM
		{02499880-5C26-4603-BF00-1D063D5E1E76}.Release|ARM.Build.0 = Release|ARM
		{02499880-5C26-4603-BF00-1D063D5E1E76}.Release|x64.ActiveCfg = Release|x64
		{02499880-5C26-4603-BF00-1D063D5E1E76}.Release|x64.Build.0 = Release|x64
		{02499880-5C26-4603-BF00-1D063D5E1E76}.Release|x86.ActiveCfg = Release|Win32
		{02499880-5C26-4603-BF00-1D063D5E1E76}.Release|x86.Build.0 = Release|Win32
	EndGlobalSection
	GlobalSection(SolutionProperties) = preSolution
		HideSolutionNode = FALSE
	EndGlobalSection
	GlobalSection(ExtensibilityGlobals) = postSolution
		SolutionGuid = {630E01DD-0C23-4870-97F2-795FC8D74335}
	EndGlobalSection
EndGlobal
